
Microsoft Visual Studio Solution File, Format Version 12.00
# Visual Studio Version 17
VisualStudioVersion = 17.7.34024.191
MinimumVisualStudioVersion = 10.0.40219.1
Project("{FAE04EC0-301F-11D3-BF4B-00C04F79EFBC}") = "triangle", "triangle\triangle.csproj", "{43412ECF-AC30-4EBB-9FBA-8D12D2BEA024}"
EndProject
Global
	GlobalSection(SolutionConfigurationPlatforms) = preSolution
		Debug|Any CPU = Debug|Any CPU
		Release|Any CPU = Release|Any CPU
	EndGlobalSection
	GlobalSection(ProjectConfigurationPlatforms) = postSolution
		{43412ECF-AC30-4EBB-9FBA-8D12D2BEA024}.Debug|Any CPU.ActiveCfg = Debug|Any CPU
		{43412ECF-AC30-4EBB-9FBA-8D12D2BEA024}.Debug|Any CPU.Build.0 = Debug|Any CPU
		{43412ECF-AC30-4EBB-9FBA-8D12D2BEA024}.Release|Any CPU.ActiveCfg = Release|Any CPU
		{43412ECF-AC30-4EBB-9FBA-8D12D2BEA024}.Release|Any CPU.Build.0 = Release|Any CPU
	EndGlobalSection
	GlobalSection(SolutionProperties) = preSolution
		HideSolutionNode = FALSE
	EndGlobalSection
	GlobalSection(ExtensibilityGlobals) = postSolution
		SolutionGuid = {3CD96AF6-E5D0-4D56-AAEA-4E4FFEB2CD4B}
	EndGlobalSection
EndGlobal
