
Microsoft Visual Studio Solution File, Format Version 12.00
# Visual Studio Version 17
VisualStudioVersion = 17.7.34031.279
MinimumVisualStudioVersion = 10.0.40219.1
Project("{FAE04EC0-301F-11D3-BF4B-00C04F79EFBC}") = "task1", "task1.csproj", "{EF9B6B39-4219-4FBB-83B7-38DF7F156634}"
EndProject
Global
	GlobalSection(SolutionConfigurationPlatforms) = preSolution
		Debug|Any CPU = Debug|Any CPU
		Release|Any CPU = Release|Any CPU
	EndGlobalSection
	GlobalSection(ProjectConfigurationPlatforms) = postSolution
		{EF9B6B39-4219-4FBB-83B7-38DF7F156634}.Debug|Any CPU.ActiveCfg = Debug|Any CPU
		{EF9B6B39-4219-4FBB-83B7-38DF7F156634}.Debug|Any CPU.Build.0 = Debug|Any CPU
		{EF9B6B39-4219-4FBB-83B7-38DF7F156634}.Release|Any CPU.ActiveCfg = Release|Any CPU
		{EF9B6B39-4219-4FBB-83B7-38DF7F156634}.Release|Any CPU.Build.0 = Release|Any CPU
	EndGlobalSection
	GlobalSection(SolutionProperties) = preSolution
		HideSolutionNode = FALSE
	EndGlobalSection
	GlobalSection(ExtensibilityGlobals) = postSolution
		SolutionGuid = {53211290-DAA4-412A-A0F2-0DE6FD83589E}
	EndGlobalSection
EndGlobal
