
Microsoft Visual Studio Solution File, Format Version 12.00
# Visual Studio Version 17
VisualStudioVersion = 17.7.34031.279
MinimumVisualStudioVersion = 10.0.40219.1
Project("{FAE04EC0-301F-11D3-BF4B-00C04F79EFBC}") = "task1", "task1.csproj", "{FC89B5FC-A733-46D0-BAD0-BDE6C0A8008B}"
EndProject
Global
	GlobalSection(SolutionConfigurationPlatforms) = preSolution
		Debug|Any CPU = Debug|Any CPU
		Release|Any CPU = Release|Any CPU
	EndGlobalSection
	GlobalSection(ProjectConfigurationPlatforms) = postSolution
		{FC89B5FC-A733-46D0-BAD0-BDE6C0A8008B}.Debug|Any CPU.ActiveCfg = Debug|Any CPU
		{FC89B5FC-A733-46D0-BAD0-BDE6C0A8008B}.Debug|Any CPU.Build.0 = Debug|Any CPU
		{FC89B5FC-A733-46D0-BAD0-BDE6C0A8008B}.Release|Any CPU.ActiveCfg = Release|Any CPU
		{FC89B5FC-A733-46D0-BAD0-BDE6C0A8008B}.Release|Any CPU.Build.0 = Release|Any CPU
	EndGlobalSection
	GlobalSection(SolutionProperties) = preSolution
		HideSolutionNode = FALSE
	EndGlobalSection
	GlobalSection(ExtensibilityGlobals) = postSolution
		SolutionGuid = {82A54AD0-93AC-443F-A3B1-720D6D721FE7}
	EndGlobalSection
EndGlobal
